// !$*UTF8*$!
{
	archiveVersion = 1;
	classes = {
	};
	objectVersion = 46;
	objects = {

/* Begin PBXBuildFile section */
		21EC35471ADB0046001FC5DF /* main.c in Sources */ = {isa = PBXBuildFile; fileRef = 21EC35461ADB0046001FC5DF /* main.c */; };
/* End PBXBuildFile section */

/* Begin PBXCopyFilesBuildPhase section */
		21EC35411ADB0046001FC5DF /* CopyFiles */ = {
			isa = PBXCopyFilesBuildPhase;
			buildActionMask = 2147483647;
			dstPath = /usr/share/man/man1/;
			dstSubfolderSpec = 0;
			files = (
			);
			runOnlyForDeploymentPostprocessing = 1;
		};
/* End PBXCopyFilesBuildPhase section */

/* Begin PBXFileReference section */
		21EC35431ADB0046001FC5DF /* FMOD_API_NAV */ = {isa = PBXFileReference; explicitFileType = "compiled.mach-o.executable"; includeInIndex = 0; path = FMOD_API_NAV; sourceTree = BUILT_PRODUCTS_DIR; };
		21EC35461ADB0046001FC5DF /* main.c */ = {isa = PBXFileReference; lastKnownFileType = sourcecode.c.c; path = main.c; sourceTree = "<group>"; };
/* End PBXFileReference section */

/* Begin PBXFrameworksBuildPhase section */
		21EC35401ADB0046001FC5DF /* Frameworks */ = {
			isa = PBXFrameworksBuildPhase;
			buildActionMask = 2147483647;
			files = (
			);
			runOnlyForDeploymentPostprocessing = 0;
		};
/* End PBXFrameworksBuildPhase section */

/* Begin PBXGroup section */
		21EC353A1ADB0046001FC5DF = {
			isa = PBXGroup;
			children = (
				21EC35451ADB0046001FC5DF /* FMOD_API_NAV */,
				21EC35441ADB0046001FC5DF /* Products */,
			);
			sourceTree = "<group>";
		};
		21EC35441ADB0046001FC5DF /* Products */ = {
			isa = PBXGroup;
			children = (
				21EC35431ADB0046001FC5DF /* FMOD_API_NAV */,
			);
			name = Products;
			sourceTree = "<group>";
		};
		21EC35451ADB0046001FC5DF /* FMOD_API_NAV */ = {
			isa = PBXGroup;
			children = (
				21EC35461ADB0046001FC5DF /* main.c */,
			);
			path = FMOD_API_NAV;
			sourceTree = "<group>";
		};
/* End PBXGroup section */

/* Begin PBXNativeTarget section */
		21EC35421ADB0046001FC5DF /* FMOD_API_NAV */ = {
			isa = PBXNativeTarget;
			buildConfigurationList = 21EC354A1ADB0046001FC5DF /* Build configuration list for PBXNativeTarget "FMOD_API_NAV" */;
			buildPhases = (
				21EC353F1ADB0046001FC5DF /* Sources */,
				21EC35401ADB0046001FC5DF /* Frameworks */,
				21EC35411ADB0046001FC5DF /* CopyFiles */,
			);
			buildRules = (
			);
			dependencies = (
			);
			name = FMOD_API_NAV;
			productName = FMOD_API_NAV;
			productReference = 21EC35431ADB0046001FC5DF /* FMOD_API_NAV */;
			productType = "com.apple.product-type.tool";
		};
/* End PBXNativeTarget section */

/* Begin PBXProject section */
		21EC353B1ADB0046001FC5DF /* Project object */ = {
			isa = PBXProject;
			attributes = {
				LastUpgradeCheck = 0620;
				ORGANIZATIONNAME = "C Programming";
				TargetAttributes = {
					21EC35421ADB0046001FC5DF = {
						CreatedOnToolsVersion = 6.2;
					};
				};
			};
			buildConfigurationList = 21EC353E1ADB0046001FC5DF /* Build configuration list for PBXProject "FMOD_API_NAV" */;
			compatibilityVersion = "Xcode 3.2";
			developmentRegion = English;
			hasScannedForEncodings = 0;
			knownRegions = (
				en,
			);
			mainGroup = 21EC353A1ADB0046001FC5DF;
			productRefGroup = 21EC35441ADB0046001FC5DF /* Products */;
			projectDirPath = "";
			projectRoot = "";
			targets = (
				21EC35421ADB0046001FC5DF /* FMOD_API_NAV */,
			);
		};
/* End PBXProject section */

/* Begin PBXSourcesBuildPhase section */
		21EC353F1ADB0046001FC5DF /* Sources */ = {
			isa = PBXSourcesBuildPhase;
			buildActionMask = 2147483647;
			files = (
				21EC35471ADB0046001FC5DF /* main.c in Sources */,
			);
			runOnlyForDeploymentPostprocessing = 0;
		};
/* End PBXSourcesBuildPhase section */

/* Begin XCBuildConfiguration section */
		21EC35481ADB0046001FC5DF /* Debug */ = {
			isa = XCBuildConfiguration;
			buildSettings = {
				ALWAYS_SEARCH_USER_PATHS = NO;
				CLANG_CXX_LANGUAGE_STANDARD = "gnu++0x";
				CLANG_CXX_LIBRARY = "libc++";
				CLANG_ENABLE_MODULES = YES;
				CLANG_ENABLE_OBJC_ARC = YES;
				CLANG_WARN_BOOL_CONVERSION = YES;
				CLANG_WARN_CONSTANT_CONVERSION = YES;
				CLANG_WARN_DIRECT_OBJC_ISA_USAGE = YES_ERROR;
				CLANG_WARN_EMPTY_BODY = YES;
				CLANG_WARN_ENUM_CONVERSION = YES;
				CLANG_WARN_INT_CONVERSION = YES;
				CLANG_WARN_OBJC_ROOT_CLASS = YES_ERROR;
				CLANG_WARN_UNREACHABLE_CODE = YES;
				CLANG_WARN__DUPLICATE_METHOD_MATCH = YES;
				COPY_PHASE_STRIP = NO;
				ENABLE_STRICT_OBJC_MSGSEND = YES;
				GCC_C_LANGUAGE_STANDARD = gnu99;
				GCC_DYNAMIC_NO_PIC = NO;
				GCC_OPTIMIZATION_LEVEL = 0;
				GCC_PREPROCESSOR_DEFINITIONS = (
					"DEBUG=1",
					"$(inherited)",
				);
				GCC_SYMBOLS_PRIVATE_EXTERN = NO;
				GCC_WARN_64_TO_32_BIT_CONVERSION = YES;
				GCC_WARN_ABOUT_RETURN_TYPE = YES_ERROR;
				GCC_WARN_UNDECLARED_SELECTOR = YES;
				GCC_WARN_UNINITIALIZED_AUTOS = YES_AGGRESSIVE;
				GCC_WARN_UNUSED_FUNCTION = YES;
				GCC_WARN_UNUSED_VARIABLE = YES;
				MACOSX_DEPLOYMENT_TARGET = 10.9;
				MTL_ENABLE_DEBUG_INFO = YES;
				ONLY_ACTIVE_ARCH = YES;
				SDKROOT = macosx;
			};
			name = Debug;
		};
		21EC35491ADB0046001FC5DF /* Release */ = {
			isa = XCBuildConfiguration;
			buildSettings = {
				ALWAYS_SEARCH_USER_PATHS = NO;
				CLANG_CXX_LANGUAGE_STANDARD = "gnu++0x";
				CLANG_CXX_LIBRARY = "libc++";
				CLANG_ENABLE_MODULES = YES;
				CLANG_ENABLE_OBJC_ARC = YES;
				CLANG_WARN_BOOL_CONVERSION = YES;
				CLANG_WARN_CONSTANT_CONVERSION = YES;
				CLANG_WARN_DIRECT_OBJC_ISA_USAGE = YES_ERROR;
				CLANG_WARN_EMPTY_BODY = YES;
				CLANG_WARN_ENUM_CONVERSION = YES;
				CLANG_WARN_INT_CONVERSION = YES;
				CLANG_WARN_OBJC_ROOT_CLASS = YES_ERROR;
				CLANG_WARN_UNREACHABLE_CODE = YES;
				CLANG_WARN__DUPLICATE_METHOD_MATCH = YES;
				COPY_PHASE_STRIP = NO;
				DEBUG_INFORMATION_FORMAT = "dwarf-with-dsym";
				ENABLE_NS_ASSERTIONS = NO;
				ENABLE_STRICT_OBJC_MSGSEND = YES;
				GCC_C_LANGUAGE_STANDARD = gnu99;
				GCC_WARN_64_TO_32_BIT_CONVERSION = YES;
				GCC_WARN_ABOUT_RETURN_TYPE = YES_ERROR;
				GCC_WARN_UNDECLARED_SELECTOR = YES;
				GCC_WARN_UNINITIALIZED_AUTOS = YES_AGGRESSIVE;
				GCC_WARN_UNUSED_FUNCTION = YES;
				GCC_WARN_UNUSED_VARIABLE = YES;
				MACOSX_DEPLOYMENT_TARGET = 10.9;
				MTL_ENABLE_DEBUG_INFO = NO;
				SDKROOT = macosx;
			};
			name = Release;
		};
		21EC354B1ADB0046001FC5DF /* Debug */ = {
			isa = XCBuildConfiguration;
			buildSettings = {
				PRODUCT_NAME = "$(TARGET_NAME)";
			};
			name = Debug;
		};
		21EC354C1ADB0046001FC5DF /* Release */ = {
			isa = XCBuildConfiguration;
			buildSettings = {
				PRODUCT_NAME = "$(TARGET_NAME)";
			};
			name = Release;
		};
/* End XCBuildConfiguration section */

/* Begin XCConfigurationList section */
		21EC353E1ADB0046001FC5DF /* Build configuration list for PBXProject "FMOD_API_NAV" */ = {
			isa = XCConfigurationList;
			buildConfigurations = (
				21EC35481ADB0046001FC5DF /* Debug */,
				21EC35491ADB0046001FC5DF /* Release */,
			);
			defaultConfigurationIsVisible = 0;
			defaultConfigurationName = Release;
		};
		21EC354A1ADB0046001FC5DF /* Build configuration list for PBXNativeTarget "FMOD_API_NAV" */ = {
			isa = XCConfigurationList;
			buildConfigurations = (
				21EC354B1ADB0046001FC5DF /* Debug */,
				21EC354C1ADB0046001FC5DF /* Release */,
			);
			defaultConfigurationIsVisible = 0;
		};
/* End XCConfigurationList section */
	};
	rootObject = 21EC353B1ADB0046001FC5DF /* Project object */;
}
